{
  "name": "commerce-price-mcp",
  "version": "0.1.0",
  "lockfileVersion": 3,
  "requires": true,
  "packages": {
    "": {
      "name": "commerce-price-mcp",
      "version": "0.1.0",
      "private": true,
      "type": "module",
      "dependencies": {
        "@modelcontextprotocol/server": "^2.0.0",
        "zod": "^3.22.0"
      },
      "devDependencies": {
        "@types/node": "^20.0.0",
        "tsx": "^4.20.0",
        "typescript": "^5.3.0"
      }
    },
    "node_modules/@modelcontextprotocol/server": {
      "version": "2.0.0",
      "resolved": "https://registry.npmjs.org/@modelcontextprotocol/server/-/server-2.0.0.tgz"
    },
    "node_modules/zod": {
      "version": "3.22.0",
      "resolved": "https://registry.npmjs.org/zod/-/zod-3.22.0.tgz"
    },
    "node_modules/@types/node": {
      "version": "20.10.0",
      "resolved": "https://registry.npmjs.org/@types/node/-/node-20.10.0.tgz"
    },
    "node_modules/tsx": {
      "version": "4.20.0",
      "resolved": "https://registry.npmjs.org/tsx/-/tsx-4.20.0.tgz"
    },
    "node_modules/typescript": {
      "version": "5.3.3",
      "resolved": "https://registry.npmjs.org/typescript/-/typescript-5.3.3.tgz"
    }
  }
}
